
Microsoft Visual Studio Solution File, Format Version 12.00
Project("{FAE04EC0-301F-11D3-BF4B-00C04F79EFBC}") = "FizzBuzz.App", "FizzBuzz.App\FizzBuzz.App.csproj", "{E58AC08F-11EC-42FF-82EB-ED151AEA4439}"
EndProject
Project("{FAE04EC0-301F-11D3-BF4B-00C04F79EFBC}") = "FizzBuzz.Tests", "FizzBuzz.Tests\FizzBuzz.Tests.csproj", "{5B6F32A7-3F35-48A3-992E-3E7C73D79457}"
EndProject
Project("{FAE04EC0-301F-11D3-BF4B-00C04F79EFBC}") = "FizzBuzz.Services", "FizzBuzz.Services\FizzBuzz.Services.csproj", "{892E29AC-648E-48F0-ABE7-8256E52B25AF}"
EndProject
Global
	GlobalSection(SolutionConfigurationPlatforms) = preSolution
		Debug|Any CPU = Debug|Any CPU
		Release|Any CPU = Release|Any CPU
	EndGlobalSection
	GlobalSection(ProjectConfigurationPlatforms) = postSolution
		{E58AC08F-11EC-42FF-82EB-ED151AEA4439}.Debug|Any CPU.ActiveCfg = Debug|Any CPU
		{E58AC08F-11EC-42FF-82EB-ED151AEA4439}.Debug|Any CPU.Build.0 = Debug|Any CPU
		{E58AC08F-11EC-42FF-82EB-ED151AEA4439}.Release|Any CPU.ActiveCfg = Release|Any CPU
		{E58AC08F-11EC-42FF-82EB-ED151AEA4439}.Release|Any CPU.Build.0 = Release|Any CPU
		{5B6F32A7-3F35-48A3-992E-3E7C73D79457}.Debug|Any CPU.ActiveCfg = Debug|Any CPU
		{5B6F32A7-3F35-48A3-992E-3E7C73D79457}.Debug|Any CPU.Build.0 = Debug|Any CPU
		{5B6F32A7-3F35-48A3-992E-3E7C73D79457}.Release|Any CPU.ActiveCfg = Release|Any CPU
		{5B6F32A7-3F35-48A3-992E-3E7C73D79457}.Release|Any CPU.Build.0 = Release|Any CPU
		{892E29AC-648E-48F0-ABE7-8256E52B25AF}.Debug|Any CPU.ActiveCfg = Debug|Any CPU
		{892E29AC-648E-48F0-ABE7-8256E52B25AF}.Debug|Any CPU.Build.0 = Debug|Any CPU
		{892E29AC-648E-48F0-ABE7-8256E52B25AF}.Release|Any CPU.ActiveCfg = Release|Any CPU
		{892E29AC-648E-48F0-ABE7-8256E52B25AF}.Release|Any CPU.Build.0 = Release|Any CPU
	EndGlobalSection
EndGlobal
